
Microsoft Visual Studio Solution File, Format Version 12.00
# Visual Studio Version 17
VisualStudioVersion = 17.0.31410.414
MinimumVisualStudioVersion = 10.0.40219.1
Project("{9A19103F-16F7-4668-BE54-9A1E7A4F7556}") = "MigrationTools.ConsoleFull", "src\MigrationTools.ConsoleFull\MigrationTools.ConsoleFull.csproj", "{033EB332-4A50-4C73-9B7D-A35D9F3C0513}"
EndProject
Project("{2150E333-8FDC-42A3-9474-1A3956D46DE8}") = "Chocolatey", "Chocolatey", "{89434800-3004-4621-8677-C14C1D1AA4AF}"
	ProjectSection(SolutionItems) = preProject
		src\MigrationTools.Chocolatey\chocolateyInstall.ps1 = src\MigrationTools.Chocolatey\chocolateyInstall.ps1
		src\MigrationTools.Chocolatey\chocolateyUninstall.ps1 = src\MigrationTools.Chocolatey\chocolateyUninstall.ps1
		src\MigrationTools.Chocolatey\vstssyncmigration.nuspec = src\MigrationTools.Chocolatey\vstssyncmigration.nuspec
	EndProjectSection
EndProject
Project("{2150E333-8FDC-42A3-9474-1A3956D46DE8}") = "Extension", "Extension", "{243265E4-0E5A-4E95-BE7C-B92B7666FF79}"
	ProjectSection(SolutionItems) = preProject
		src\MigrationTools.Extension\LICENSE.txt = src\MigrationTools.Extension\LICENSE.txt
		src\MigrationTools.Extension\README.md = src\MigrationTools.Extension\README.md
		src\MigrationTools.Extension\vss-extension.json = src\MigrationTools.Extension\vss-extension.json
	EndProjectSection
EndProject
Project("{2150E333-8FDC-42A3-9474-1A3956D46DE8}") = "Solution Items", "Solution Items", "{A05A7847-4C75-4E92-B156-F529483688CC}"
	ProjectSection(SolutionItems) = preProject
		.editorconfig = .editorconfig
		.gitattributes = .gitattributes
		.gitignore = .gitignore
		appsettings.json = appsettings.json
		configuration-classic.json = configuration-classic.json
		configuration-classic2-pipeline.json = configuration-classic2-pipeline.json
		configuration-classic2-wit.json = configuration-classic2-wit.json
		configuration-classic2.json = configuration-classic2.json
		configuration.json = configuration.json
		Directory.Build.props = Directory.Build.props
		GitVersion.yml = GitVersion.yml
		mkdocs.yml = mkdocs.yml
		README.md = README.md
	EndProjectSection
EndProject
Project("{2150E333-8FDC-42A3-9474-1A3956D46DE8}") = "images", "images", "{F29B9C2E-7EE3-49A5-8341-1277FA8BE0DB}"
	ProjectSection(SolutionItems) = preProject
		src\MigrationTools.Extension\images\azure-devops-migration-tools-naked-agility-martin-hinshelwood.png = src\MigrationTools.Extension\images\azure-devops-migration-tools-naked-agility-martin-hinshelwood.png
		src\MigrationTools.Extension\images\extension-icon.png = src\MigrationTools.Extension\images\extension-icon.png
		src\MigrationTools.Extension\images\screenshot-01.png = src\MigrationTools.Extension\images\screenshot-01.png
	EndProjectSection
EndProject
Project("{2150E333-8FDC-42A3-9474-1A3956D46DE8}") = "Distribution", "Distribution", "{32E2956A-9056-4D9D-8018-14DFD0E6CA41}"
EndProject
Project("{9A19103F-16F7-4668-BE54-9A1E7A4F7556}") = "MigrationTools.ConsoleCore", "src\MigrationTools.ConsoleCore\MigrationTools.ConsoleCore.csproj", "{A314A07F-1D5E-44B8-9973-3AB2C41F17D5}"
EndProject
Project("{9A19103F-16F7-4668-BE54-9A1E7A4F7556}") = "MigrationTools.Clients.AzureDevops.Rest", "src\MigrationTools.Clients.AzureDevops.Rest\MigrationTools.Clients.AzureDevops.Rest.csproj", "{7CE6D8B2-920C-43F6-95E8-F2682B029DB8}"
EndProject
Project("{9A19103F-16F7-4668-BE54-9A1E7A4F7556}") = "MigrationTools", "src\MigrationTools\MigrationTools.csproj", "{EBDB3038-9081-41B5-B82A-D0BC8F96859F}"
EndProject
Project("{9A19103F-16F7-4668-BE54-9A1E7A4F7556}") = "MigrationTools.Clients.FileSystem", "src\MigrationTools.Clients.FileSystem\MigrationTools.Clients.FileSystem.csproj", "{6F97F030-162D-49BF-A45C-1CF12E7ABA88}"
EndProject
Project("{9A19103F-16F7-4668-BE54-9A1E7A4F7556}") = "MigrationTools.Tests", "src\MigrationTools.Tests\MigrationTools.Tests.csproj", "{A679B3FF-1355-455F-853F-433A9CB1BE60}"
EndProject
Project("{9A19103F-16F7-4668-BE54-9A1E7A4F7556}") = "MigrationTools.Clients.AzureDevops.ObjectModel", "src\MigrationTools.Clients.AzureDevops.ObjectModel\MigrationTools.Clients.AzureDevops.ObjectModel.csproj", "{D58EEDFA-D74C-4E84-9C26-6D69521382FD}"
EndProject
Project("{9A19103F-16F7-4668-BE54-9A1E7A4F7556}") = "MigrationTools.Host", "src\MigrationTools.Host\MigrationTools.Host.csproj", "{B400FC37-A4B7-4526-85DD-36784E3B56EC}"
EndProject
Project("{2150E333-8FDC-42A3-9474-1A3956D46DE8}") = "SampleConfigs", "SampleConfigs", "{A6831354-6128-4F1A-A1F3-C6E598B0925F}"
	ProjectSection(SolutionItems) = preProject
		src\MigrationTools.Samples\configuration.json = src\MigrationTools.Samples\configuration.json
		src\MigrationTools.Samples\demo-mapping-scrum2Agile.json = src\MigrationTools.Samples\demo-mapping-scrum2Agile.json
		src\MigrationTools.Samples\demo-migration-reset.json = src\MigrationTools.Samples\demo-migration-reset.json
		src\MigrationTools.Samples\demo-migration.json = src\MigrationTools.Samples\demo-migration.json
	EndProjectSection
EndProject
Project("{9A19103F-16F7-4668-BE54-9A1E7A4F7556}") = "MigrationTools.Clients.FileSystem.Tests", "src\MigrationTools.Clients.FileSystem.Tests\MigrationTools.Clients.FileSystem.Tests.csproj", "{3191B594-1C3A-4245-8AFE-076EA142B778}"
EndProject
Project("{9A19103F-16F7-4668-BE54-9A1E7A4F7556}") = "MigrationTools.Host.Tests", "src\MigrationTools.Host.Tests\MigrationTools.Host.Tests.csproj", "{6F51CE1D-FEBD-4F7F-A462-27A4745924F4}"
EndProject
Project("{9A19103F-16F7-4668-BE54-9A1E7A4F7556}") = "MigrationTools.Integration.Tests", "src\MigrationTools.Integration.Tests\MigrationTools.Integration.Tests.csproj", "{AADA5B89-83F9-45E4-B713-EA1FEB9EBC89}"
EndProject
Project("{9A19103F-16F7-4668-BE54-9A1E7A4F7556}") = "MigrationTools.Clients.AzureDevops.ObjectModel.Tests", "src\MigrationTools.Clients.AzureDevops.ObjectModel.Tests\MigrationTools.Clients.AzureDevops.ObjectModel.Tests.csproj", "{72FA4853-D840-480E-A6FD-670EF66E9D5B}"
EndProject
Project("{9A19103F-16F7-4668-BE54-9A1E7A4F7556}") = "MigrationTools.Clients.AzureDevops.Rest.Tests", "src\MigrationTools.Clients.AzureDevops.Rest.Tests\MigrationTools.Clients.AzureDevops.Rest.Tests.csproj", "{70EA792C-E84C-4A5D-8280-FCC47F4AE150}"
EndProject
Project("{9A19103F-16F7-4668-BE54-9A1E7A4F7556}") = "MigrationTools.TestExtensions", "src\MigrationTools.TestExtensions\MigrationTools.TestExtensions.csproj", "{4C16C19A-AF2D-4061-B2DE-87E39B1DF422}"
EndProject
Project("{2150E333-8FDC-42A3-9474-1A3956D46DE8}") = ".workflows", ".workflows", "{8A70932A-F6C7-45D1-8E72-608B6BF0F9FD}"
	ProjectSection(SolutionItems) = preProject
		.github\workflows\code-review.yml = .github\workflows\code-review.yml
		.github\workflows\main.yml = .github\workflows\main.yml
		.github\workflows\open-pr-describer.yml = .github\workflows\open-pr-describer.yml
		.github\workflows\opencommit.yml = .github\workflows\opencommit.yml
		.github\workflows\stale.yml = .github\workflows\stale.yml
		triggertest.yml = triggertest.yml
	EndProjectSection
EndProject
Project("{9A19103F-16F7-4668-BE54-9A1E7A4F7556}") = "MigrationTools.ConsoleDataGenerator", "src\MigrationTools.ConsoleDataGenerator\MigrationTools.ConsoleDataGenerator.csproj", "{6A259EA6-860B-448A-8943-594DC1A15105}"
EndProject
Project("{2150E333-8FDC-42A3-9474-1A3956D46DE8}") = "Classic", "Classic", "{1F5E9C8C-AD05-4C4F-B370-FF3D080A6541}"
EndProject
Project("{2150E333-8FDC-42A3-9474-1A3956D46DE8}") = "Modern", "Modern", "{83F36820-E9BC-4F48-8202-5EAF9530405E}"
EndProject
Project("{2150E333-8FDC-42A3-9474-1A3956D46DE8}") = ".build", ".build", "{88C3582D-6C5D-4A8B-9EC3-F816C501AFA0}"
	ProjectSection(SolutionItems) = preProject
		build\azure-pipeline.yml = build\azure-pipeline.yml
		build\build.ps1 = build\build.ps1
		build\buildDocs.ps1 = build\buildDocs.ps1
		build\compile-and-test.ps1 = build\compile-and-test.ps1
		build\install-prerequsits.ps1 = build\install-prerequsits.ps1
		build\packageChocolatey.ps1 = build\packageChocolatey.ps1
		build\packageExecutable.ps1 = build\packageExecutable.ps1
		build\packageExtension.ps1 = build\packageExtension.ps1
		build\packageNuget.ps1 = build\packageNuget.ps1
		build\packageWinget.ps1 = build\packageWinget.ps1
		build\releaseExtension.ps1 = build\releaseExtension.ps1
		build\releaseGitHubRelease.ps1 = build\releaseGitHubRelease.ps1
		build\releaseWingetPackage.ps1 = build\releaseWingetPackage.ps1
		build\versioning.ps1 = build\versioning.ps1
	EndProjectSection
EndProject
Project("{9A19103F-16F7-4668-BE54-9A1E7A4F7556}") = "MigrationTools.Helpers.Tests", "src\MigrationTools.Helpers.Tests\MigrationTools.Helpers.Tests.csproj", "{EB20ED85-8876-4585-BC90-E6976C11DEE3}"
EndProject
Project("{2150E333-8FDC-42A3-9474-1A3956D46DE8}") = "Tests", "Tests", "{96E9C9B5-CECE-401E-B20D-998AADF20BF1}"
EndProject
Project("{2150E333-8FDC-42A3-9474-1A3956D46DE8}") = "Tests", "Tests", "{BADF6B5C-1987-4F2D-8316-41D78CD25366}"
EndProject
Project("{FAE04EC0-301F-11D3-BF4B-00C04F79EFBC}") = "MigrationTools.Documentation", "docs\MigrationTools.Documentation.csproj", "{217A2F5E-C6C7-4B1A-9E22-C7A1D00E9BED}"
EndProject
Global
	GlobalSection(SolutionConfigurationPlatforms) = preSolution
		Debug|Any CPU = Debug|Any CPU
		Release|Any CPU = Release|Any CPU
	EndGlobalSection
	GlobalSection(ProjectConfigurationPlatforms) = postSolution
		{033EB332-4A50-4C73-9B7D-A35D9F3C0513}.Debug|Any CPU.ActiveCfg = Debug|Any CPU
		{033EB332-4A50-4C73-9B7D-A35D9F3C0513}.Debug|Any CPU.Build.0 = Debug|Any CPU
		{033EB332-4A50-4C73-9B7D-A35D9F3C0513}.Release|Any CPU.ActiveCfg = Release|Any CPU
		{033EB332-4A50-4C73-9B7D-A35D9F3C0513}.Release|Any CPU.Build.0 = Release|Any CPU
		{A314A07F-1D5E-44B8-9973-3AB2C41F17D5}.Debug|Any CPU.ActiveCfg = Debug|Any CPU
		{A314A07F-1D5E-44B8-9973-3AB2C41F17D5}.Debug|Any CPU.Build.0 = Debug|Any CPU
		{A314A07F-1D5E-44B8-9973-3AB2C41F17D5}.Release|Any CPU.ActiveCfg = Release|Any CPU
		{A314A07F-1D5E-44B8-9973-3AB2C41F17D5}.Release|Any CPU.Build.0 = Release|Any CPU
		{7CE6D8B2-920C-43F6-95E8-F2682B029DB8}.Debug|Any CPU.ActiveCfg = Debug|Any CPU
		{7CE6D8B2-920C-43F6-95E8-F2682B029DB8}.Debug|Any CPU.Build.0 = Debug|Any CPU
		{7CE6D8B2-920C-43F6-95E8-F2682B029DB8}.Release|Any CPU.ActiveCfg = Release|Any CPU
		{7CE6D8B2-920C-43F6-95E8-F2682B029DB8}.Release|Any CPU.Build.0 = Release|Any CPU
		{EBDB3038-9081-41B5-B82A-D0BC8F96859F}.Debug|Any CPU.ActiveCfg = Debug|Any CPU
		{EBDB3038-9081-41B5-B82A-D0BC8F96859F}.Debug|Any CPU.Build.0 = Debug|Any CPU
		{EBDB3038-9081-41B5-B82A-D0BC8F96859F}.Release|Any CPU.ActiveCfg = Release|Any CPU
		{EBDB3038-9081-41B5-B82A-D0BC8F96859F}.Release|Any CPU.Build.0 = Release|Any CPU
		{6F97F030-162D-49BF-A45C-1CF12E7ABA88}.Debug|Any CPU.ActiveCfg = Debug|Any CPU
		{6F97F030-162D-49BF-A45C-1CF12E7ABA88}.Debug|Any CPU.Build.0 = Debug|Any CPU
		{6F97F030-162D-49BF-A45C-1CF12E7ABA88}.Release|Any CPU.ActiveCfg = Release|Any CPU
		{6F97F030-162D-49BF-A45C-1CF12E7ABA88}.Release|Any CPU.Build.0 = Release|Any CPU
		{A679B3FF-1355-455F-853F-433A9CB1BE60}.Debug|Any CPU.ActiveCfg = Debug|Any CPU
		{A679B3FF-1355-455F-853F-433A9CB1BE60}.Debug|Any CPU.Build.0 = Debug|Any CPU
		{A679B3FF-1355-455F-853F-433A9CB1BE60}.Release|Any CPU.ActiveCfg = Release|Any CPU
		{A679B3FF-1355-455F-853F-433A9CB1BE60}.Release|Any CPU.Build.0 = Release|Any CPU
		{D58EEDFA-D74C-4E84-9C26-6D69521382FD}.Debug|Any CPU.ActiveCfg = Debug|Any CPU
		{D58EEDFA-D74C-4E84-9C26-6D69521382FD}.Debug|Any CPU.Build.0 = Debug|Any CPU
		{D58EEDFA-D74C-4E84-9C26-6D69521382FD}.Release|Any CPU.ActiveCfg = Release|Any CPU
		{D58EEDFA-D74C-4E84-9C26-6D69521382FD}.Release|Any CPU.Build.0 = Release|Any CPU
		{B400FC37-A4B7-4526-85DD-36784E3B56EC}.Debug|Any CPU.ActiveCfg = Debug|Any CPU
		{B400FC37-A4B7-4526-85DD-36784E3B56EC}.Debug|Any CPU.Build.0 = Debug|Any CPU
		{B400FC37-A4B7-4526-85DD-36784E3B56EC}.Release|Any CPU.ActiveCfg = Release|Any CPU
		{B400FC37-A4B7-4526-85DD-36784E3B56EC}.Release|Any CPU.Build.0 = Release|Any CPU
		{3191B594-1C3A-4245-8AFE-076EA142B778}.Debug|Any CPU.ActiveCfg = Debug|Any CPU
		{3191B594-1C3A-4245-8AFE-076EA142B778}.Debug|Any CPU.Build.0 = Debug|Any CPU
		{3191B594-1C3A-4245-8AFE-076EA142B778}.Release|Any CPU.ActiveCfg = Release|Any CPU
		{3191B594-1C3A-4245-8AFE-076EA142B778}.Release|Any CPU.Build.0 = Release|Any CPU
		{6F51CE1D-FEBD-4F7F-A462-27A4745924F4}.Debug|Any CPU.ActiveCfg = Debug|Any CPU
		{6F51CE1D-FEBD-4F7F-A462-27A4745924F4}.Debug|Any CPU.Build.0 = Debug|Any CPU
		{6F51CE1D-FEBD-4F7F-A462-27A4745924F4}.Release|Any CPU.ActiveCfg = Release|Any CPU
		{6F51CE1D-FEBD-4F7F-A462-27A4745924F4}.Release|Any CPU.Build.0 = Release|Any CPU
		{AADA5B89-83F9-45E4-B713-EA1FEB9EBC89}.Debug|Any CPU.ActiveCfg = Debug|Any CPU
		{AADA5B89-83F9-45E4-B713-EA1FEB9EBC89}.Debug|Any CPU.Build.0 = Debug|Any CPU
		{AADA5B89-83F9-45E4-B713-EA1FEB9EBC89}.Release|Any CPU.ActiveCfg = Release|Any CPU
		{AADA5B89-83F9-45E4-B713-EA1FEB9EBC89}.Release|Any CPU.Build.0 = Release|Any CPU
		{72FA4853-D840-480E-A6FD-670EF66E9D5B}.Debug|Any CPU.ActiveCfg = Debug|Any CPU
		{72FA4853-D840-480E-A6FD-670EF66E9D5B}.Debug|Any CPU.Build.0 = Debug|Any CPU
		{72FA4853-D840-480E-A6FD-670EF66E9D5B}.Release|Any CPU.ActiveCfg = Release|Any CPU
		{72FA4853-D840-480E-A6FD-670EF66E9D5B}.Release|Any CPU.Build.0 = Release|Any CPU
		{70EA792C-E84C-4A5D-8280-FCC47F4AE150}.Debug|Any CPU.ActiveCfg = Debug|Any CPU
		{70EA792C-E84C-4A5D-8280-FCC47F4AE150}.Debug|Any CPU.Build.0 = Debug|Any CPU
		{70EA792C-E84C-4A5D-8280-FCC47F4AE150}.Release|Any CPU.ActiveCfg = Release|Any CPU
		{70EA792C-E84C-4A5D-8280-FCC47F4AE150}.Release|Any CPU.Build.0 = Release|Any CPU
		{4C16C19A-AF2D-4061-B2DE-87E39B1DF422}.Debug|Any CPU.ActiveCfg = Debug|Any CPU
		{4C16C19A-AF2D-4061-B2DE-87E39B1DF422}.Debug|Any CPU.Build.0 = Debug|Any CPU
		{4C16C19A-AF2D-4061-B2DE-87E39B1DF422}.Release|Any CPU.ActiveCfg = Release|Any CPU
		{4C16C19A-AF2D-4061-B2DE-87E39B1DF422}.Release|Any CPU.Build.0 = Release|Any CPU
		{6A259EA6-860B-448A-8943-594DC1A15105}.Debug|Any CPU.ActiveCfg = Debug|Any CPU
		{6A259EA6-860B-448A-8943-594DC1A15105}.Debug|Any CPU.Build.0 = Debug|Any CPU
		{6A259EA6-860B-448A-8943-594DC1A15105}.Release|Any CPU.ActiveCfg = Release|Any CPU
		{6A259EA6-860B-448A-8943-594DC1A15105}.Release|Any CPU.Build.0 = Release|Any CPU
		{EB20ED85-8876-4585-BC90-E6976C11DEE3}.Debug|Any CPU.ActiveCfg = Debug|Any CPU
		{EB20ED85-8876-4585-BC90-E6976C11DEE3}.Debug|Any CPU.Build.0 = Debug|Any CPU
		{EB20ED85-8876-4585-BC90-E6976C11DEE3}.Release|Any CPU.ActiveCfg = Release|Any CPU
		{EB20ED85-8876-4585-BC90-E6976C11DEE3}.Release|Any CPU.Build.0 = Release|Any CPU
		{217A2F5E-C6C7-4B1A-9E22-C7A1D00E9BED}.Debug|Any CPU.ActiveCfg = Debug|Any CPU
		{217A2F5E-C6C7-4B1A-9E22-C7A1D00E9BED}.Debug|Any CPU.Build.0 = Debug|Any CPU
		{217A2F5E-C6C7-4B1A-9E22-C7A1D00E9BED}.Release|Any CPU.ActiveCfg = Release|Any CPU
		{217A2F5E-C6C7-4B1A-9E22-C7A1D00E9BED}.Release|Any CPU.Build.0 = Release|Any CPU
	EndGlobalSection
	GlobalSection(SolutionProperties) = preSolution
		HideSolutionNode = FALSE
	EndGlobalSection
	GlobalSection(NestedProjects) = preSolution
		{033EB332-4A50-4C73-9B7D-A35D9F3C0513} = {1F5E9C8C-AD05-4C4F-B370-FF3D080A6541}
		{89434800-3004-4621-8677-C14C1D1AA4AF} = {32E2956A-9056-4D9D-8018-14DFD0E6CA41}
		{243265E4-0E5A-4E95-BE7C-B92B7666FF79} = {32E2956A-9056-4D9D-8018-14DFD0E6CA41}
		{F29B9C2E-7EE3-49A5-8341-1277FA8BE0DB} = {243265E4-0E5A-4E95-BE7C-B92B7666FF79}
		{32E2956A-9056-4D9D-8018-14DFD0E6CA41} = {A05A7847-4C75-4E92-B156-F529483688CC}
		{A314A07F-1D5E-44B8-9973-3AB2C41F17D5} = {83F36820-E9BC-4F48-8202-5EAF9530405E}
		{7CE6D8B2-920C-43F6-95E8-F2682B029DB8} = {83F36820-E9BC-4F48-8202-5EAF9530405E}
		{EBDB3038-9081-41B5-B82A-D0BC8F96859F} = {83F36820-E9BC-4F48-8202-5EAF9530405E}
		{6F97F030-162D-49BF-A45C-1CF12E7ABA88} = {83F36820-E9BC-4F48-8202-5EAF9530405E}
		{A679B3FF-1355-455F-853F-433A9CB1BE60} = {BADF6B5C-1987-4F2D-8316-41D78CD25366}
		{D58EEDFA-D74C-4E84-9C26-6D69521382FD} = {1F5E9C8C-AD05-4C4F-B370-FF3D080A6541}
		{B400FC37-A4B7-4526-85DD-36784E3B56EC} = {83F36820-E9BC-4F48-8202-5EAF9530405E}
		{A6831354-6128-4F1A-A1F3-C6E598B0925F} = {32E2956A-9056-4D9D-8018-14DFD0E6CA41}
		{3191B594-1C3A-4245-8AFE-076EA142B778} = {BADF6B5C-1987-4F2D-8316-41D78CD25366}
		{6F51CE1D-FEBD-4F7F-A462-27A4745924F4} = {BADF6B5C-1987-4F2D-8316-41D78CD25366}
		{AADA5B89-83F9-45E4-B713-EA1FEB9EBC89} = {96E9C9B5-CECE-401E-B20D-998AADF20BF1}
		{72FA4853-D840-480E-A6FD-670EF66E9D5B} = {96E9C9B5-CECE-401E-B20D-998AADF20BF1}
		{70EA792C-E84C-4A5D-8280-FCC47F4AE150} = {BADF6B5C-1987-4F2D-8316-41D78CD25366}
		{4C16C19A-AF2D-4061-B2DE-87E39B1DF422} = {BADF6B5C-1987-4F2D-8316-41D78CD25366}
		{6A259EA6-860B-448A-8943-594DC1A15105} = {83F36820-E9BC-4F48-8202-5EAF9530405E}
		{EB20ED85-8876-4585-BC90-E6976C11DEE3} = {BADF6B5C-1987-4F2D-8316-41D78CD25366}
		{96E9C9B5-CECE-401E-B20D-998AADF20BF1} = {1F5E9C8C-AD05-4C4F-B370-FF3D080A6541}
		{BADF6B5C-1987-4F2D-8316-41D78CD25366} = {83F36820-E9BC-4F48-8202-5EAF9530405E}
		{217A2F5E-C6C7-4B1A-9E22-C7A1D00E9BED} = {83F36820-E9BC-4F48-8202-5EAF9530405E}
	EndGlobalSection
	GlobalSection(ExtensibilityGlobals) = postSolution
		SolutionGuid = {62EE0B27-C55A-46EE-8D17-1691DE9BBD50}
	EndGlobalSection
	GlobalSection(CodealikeProperties) = postSolution
		SolutionGuid = 51c92075-0694-476b-8366-efd65c9a9b77
	EndGlobalSection
EndGlobal
