
Microsoft Visual Studio Solution File, Format Version 12.00
# Visual Studio 14
VisualStudioVersion = 14.0.25420.1
MinimumVisualStudioVersion = 10.0.40219.1
Project("{FAE04EC0-301F-11D3-BF4B-00C04F79EFBC}") = "VSTS.DataBulkEditor.Console", "TfsWitMigrator.Console\VSTS.DataBulkEditor.Console.csproj", "{033EB332-4A50-4C73-9B7D-A35D9F3C0513}"
EndProject
Project("{FAE04EC0-301F-11D3-BF4B-00C04F79EFBC}") = "_VSTS.DataBulkEditor.Engine", "TfsWitMigrator.Core\_VSTS.DataBulkEditor.Engine.csproj", "{68BAF6BA-2BC0-48D0-B892-1D9F93D7003A}"
EndProject
Project("{2150E333-8FDC-42A3-9474-1A3956D46DE8}") = "SolutionFiles", "SolutionFiles", "{C0309D38-76D4-486D-89A6-D08DAC9D71C9}"
	ProjectSection(SolutionItems) = preProject
		GitVersion.yml = GitVersion.yml
		README.md = README.md
	EndProjectSection
EndProject
Project("{2150E333-8FDC-42A3-9474-1A3956D46DE8}") = "configurations", "configurations", "{89434800-3004-4621-8677-C14C1D1AA4AF}"
	ProjectSection(SolutionItems) = preProject
		configurations\demo-mapping-scrum2Agile.json = configurations\demo-mapping-scrum2Agile.json
		configurations\demo-migration-reset.json = configurations\demo-migration-reset.json
		configurations\demo-migration.json = configurations\demo-migration.json
	EndProjectSection
EndProject
Project("{FAE04EC0-301F-11D3-BF4B-00C04F79EFBC}") = "_VSTS.DataBulkEditor.Engine.Tests", "_VSTS.DataBulkEditor.Engine.Tests\_VSTS.DataBulkEditor.Engine.Tests.csproj", "{AB3922F0-E801-474A-A498-892C3EA99799}"
EndProject
Project("{FAE04EC0-301F-11D3-BF4B-00C04F79EFBC}") = "VSTS.DataBulkEditor.Console.Tests", "VSTS.DataBulkEditor.Console.Tests\VSTS.DataBulkEditor.Console.Tests.csproj", "{985259EA-C475-4918-9342-50AB744F52AF}"
EndProject
Project("{2150E333-8FDC-42A3-9474-1A3956D46DE8}") = "docs", "docs", "{9C11B428-74CE-494B-88A9-8175D77A184C}"
	ProjectSection(SolutionItems) = preProject
		docs\configuration.md = docs\configuration.md
		docs\getting-started.md = docs\getting-started.md
		docs\index.md = docs\index.md
		docs\server-configuration.md = docs\server-configuration.md
		docs\why.md = docs\why.md
	EndProjectSection
EndProject
Project("{2150E333-8FDC-42A3-9474-1A3956D46DE8}") = "usage", "usage", "{2AB682CB-D93A-4331-9EB9-21FB7FB88F55}"
	ProjectSection(SolutionItems) = preProject
		docs\usage\command-line.md = docs\usage\command-line.md
		docs\usage\nuget-library.md = docs\usage\nuget-library.md
		docs\usage\usage.md = docs\usage\usage.md
	EndProjectSection
EndProject
Global
	GlobalSection(SolutionConfigurationPlatforms) = preSolution
		Debug|Any CPU = Debug|Any CPU
		Release|Any CPU = Release|Any CPU
	EndGlobalSection
	GlobalSection(ProjectConfigurationPlatforms) = postSolution
		{033EB332-4A50-4C73-9B7D-A35D9F3C0513}.Debug|Any CPU.ActiveCfg = Debug|Any CPU
		{033EB332-4A50-4C73-9B7D-A35D9F3C0513}.Debug|Any CPU.Build.0 = Debug|Any CPU
		{033EB332-4A50-4C73-9B7D-A35D9F3C0513}.Release|Any CPU.ActiveCfg = Release|Any CPU
		{033EB332-4A50-4C73-9B7D-A35D9F3C0513}.Release|Any CPU.Build.0 = Release|Any CPU
		{68BAF6BA-2BC0-48D0-B892-1D9F93D7003A}.Debug|Any CPU.ActiveCfg = Debug|Any CPU
		{68BAF6BA-2BC0-48D0-B892-1D9F93D7003A}.Debug|Any CPU.Build.0 = Debug|Any CPU
		{68BAF6BA-2BC0-48D0-B892-1D9F93D7003A}.Release|Any CPU.ActiveCfg = Release|Any CPU
		{68BAF6BA-2BC0-48D0-B892-1D9F93D7003A}.Release|Any CPU.Build.0 = Release|Any CPU
		{AB3922F0-E801-474A-A498-892C3EA99799}.Debug|Any CPU.ActiveCfg = Debug|Any CPU
		{AB3922F0-E801-474A-A498-892C3EA99799}.Debug|Any CPU.Build.0 = Debug|Any CPU
		{AB3922F0-E801-474A-A498-892C3EA99799}.Release|Any CPU.ActiveCfg = Release|Any CPU
		{AB3922F0-E801-474A-A498-892C3EA99799}.Release|Any CPU.Build.0 = Release|Any CPU
		{985259EA-C475-4918-9342-50AB744F52AF}.Debug|Any CPU.ActiveCfg = Debug|Any CPU
		{985259EA-C475-4918-9342-50AB744F52AF}.Debug|Any CPU.Build.0 = Debug|Any CPU
		{985259EA-C475-4918-9342-50AB744F52AF}.Release|Any CPU.ActiveCfg = Release|Any CPU
		{985259EA-C475-4918-9342-50AB744F52AF}.Release|Any CPU.Build.0 = Release|Any CPU
	EndGlobalSection
	GlobalSection(SolutionProperties) = preSolution
		HideSolutionNode = FALSE
	EndGlobalSection
	GlobalSection(NestedProjects) = preSolution
		{9C11B428-74CE-494B-88A9-8175D77A184C} = {C0309D38-76D4-486D-89A6-D08DAC9D71C9}
		{2AB682CB-D93A-4331-9EB9-21FB7FB88F55} = {9C11B428-74CE-494B-88A9-8175D77A184C}
	EndGlobalSection
	GlobalSection(CodealikeProperties) = postSolution
		SolutionGuid = 51c92075-0694-476b-8366-efd65c9a9b77
	EndGlobalSection
EndGlobal
